
Microsoft Visual Studio Solution File, Format Version 12.00
# Visual Studio Version 17
VisualStudioVersion = 17.14.36401.2 d17.14
MinimumVisualStudioVersion = 10.0.40219.1
Project("{FAE04EC0-301F-11D3-BF4B-00C04F79EFBC}") = "Skillup Academy", "Skillup Academy\Skillup Academy.csproj", "{B80636D8-6261-4954-A5DA-BBDB9BC42272}"
EndProject
Project("{FAE04EC0-301F-11D3-BF4B-00C04F79EFBC}") = "Core", "Core\Core.csproj", "{5A6508A9-9714-4089-8C2E-926D14A0EA65}"
EndProject
Project("{FAE04EC0-301F-11D3-BF4B-00C04F79EFBC}") = "Infrastructure", "Infrastructure\Infrastructure.csproj", "{8596563F-461D-4441-AFA1-1FE124822C88}"
EndProject
Global
	GlobalSection(SolutionConfigurationPlatforms) = preSolution
		Debug|Any CPU = Debug|Any CPU
		Release|Any CPU = Release|Any CPU
	EndGlobalSection
	GlobalSection(ProjectConfigurationPlatforms) = postSolution
		{B80636D8-6261-4954-A5DA-BBDB9BC42272}.Debug|Any CPU.ActiveCfg = Debug|Any CPU
		{B80636D8-6261-4954-A5DA-BBDB9BC42272}.Debug|Any CPU.Build.0 = Debug|Any CPU
		{B80636D8-6261-4954-A5DA-BBDB9BC42272}.Release|Any CPU.ActiveCfg = Release|Any CPU
		{B80636D8-6261-4954-A5DA-BBDB9BC42272}.Release|Any CPU.Build.0 = Release|Any CPU
		{5A6508A9-9714-4089-8C2E-926D14A0EA65}.Debug|Any CPU.ActiveCfg = Debug|Any CPU
		{5A6508A9-9714-4089-8C2E-926D14A0EA65}.Debug|Any CPU.Build.0 = Debug|Any CPU
		{5A6508A9-9714-4089-8C2E-926D14A0EA65}.Release|Any CPU.ActiveCfg = Release|Any CPU
		{5A6508A9-9714-4089-8C2E-926D14A0EA65}.Release|Any CPU.Build.0 = Release|Any CPU
		{8596563F-461D-4441-AFA1-1FE124822C88}.Debug|Any CPU.ActiveCfg = Debug|Any CPU
		{8596563F-461D-4441-AFA1-1FE124822C88}.Debug|Any CPU.Build.0 = Debug|Any CPU
		{8596563F-461D-4441-AFA1-1FE124822C88}.Release|Any CPU.ActiveCfg = Release|Any CPU
		{8596563F-461D-4441-AFA1-1FE124822C88}.Release|Any CPU.Build.0 = Release|Any CPU
	EndGlobalSection
	GlobalSection(SolutionProperties) = preSolution
		HideSolutionNode = FALSE
	EndGlobalSection
	GlobalSection(ExtensibilityGlobals) = postSolution
		SolutionGuid = {C20331F4-5778-4BB3-95F1-4A372140C6C8}
	EndGlobalSection
EndGlobal
